
Microsoft Visual Studio Solution File, Format Version 12.00
# Visual Studio Version 17
VisualStudioVersion = 17.13.35617.110 d17.13
MinimumVisualStudioVersion = 10.0.40219.1
Project("{FAE04EC0-301F-11D3-BF4B-00C04F79EFBC}") = "LoanCalculator", "LoanCalculator.csproj", "{74F4F1AB-5AEB-4BD2-B4DE-27958C16B34E}"
EndProject
Global
	GlobalSection(SolutionConfigurationPlatforms) = preSolution
		Debug|Any CPU = Debug|Any CPU
		Release|Any CPU = Release|Any CPU
	EndGlobalSection
	GlobalSection(ProjectConfigurationPlatforms) = postSolution
		{74F4F1AB-5AEB-4BD2-B4DE-27958C16B34E}.Debug|Any CPU.ActiveCfg = Debug|Any CPU
		{74F4F1AB-5AEB-4BD2-B4DE-27958C16B34E}.Debug|Any CPU.Build.0 = Debug|Any CPU
		{74F4F1AB-5AEB-4BD2-B4DE-27958C16B34E}.Release|Any CPU.ActiveCfg = Release|Any CPU
		{74F4F1AB-5AEB-4BD2-B4DE-27958C16B34E}.Release|Any CPU.Build.0 = Release|Any CPU
	EndGlobalSection
	GlobalSection(SolutionProperties) = preSolution
		HideSolutionNode = FALSE
	EndGlobalSection
	GlobalSection(ExtensibilityGlobals) = postSolution
		SolutionGuid = {AA053218-678E-47D9-87A1-D9B26AB2086B}
	EndGlobalSection
EndGlobal
